
Microsoft Visual Studio Solution File, Format Version 12.00
# Visual Studio Version 16
VisualStudioVersion = 16.0.32002.261
MinimumVisualStudioVersion = 10.0.40219.1
Project("{FAE04EC0-301F-11D3-BF4B-00C04F79EFBC}") = "WindowsFormsApp1", "WindowsFormsApp1.csproj", "{B69E4CCE-DDE4-4D30-B027-21539D737D03}"
EndProject
Project("{FAE04EC0-301F-11D3-BF4B-00C04F79EFBC}") = "BLL", "..\BLL\BLL.csproj", "{5920B2D0-3FAC-486F-A0D8-37776FB24A3F}"
EndProject
Project("{FAE04EC0-301F-11D3-BF4B-00C04F79EFBC}") = "DAL", "..\DAL\DAL.csproj", "{75F460CB-0167-4587-8ADD-FD0AB6744B89}"
EndProject
Project("{FAE04EC0-301F-11D3-BF4B-00C04F79EFBC}") = "Models", "..\Models\Models.csproj", "{BD17633A-0FAC-4525-B9E4-92A1A649D842}"
EndProject
Project("{FAE04EC0-301F-11D3-BF4B-00C04F79EFBC}") = "Utility", "..\Utility\Utility.csproj", "{D030924D-1503-4E74-BD73-4A4AA3719C48}"
EndProject
Global
	GlobalSection(SolutionConfigurationPlatforms) = preSolution
		Debug|Any CPU = Debug|Any CPU
		Release|Any CPU = Release|Any CPU
	EndGlobalSection
	GlobalSection(ProjectConfigurationPlatforms) = postSolution
		{B69E4CCE-DDE4-4D30-B027-21539D737D03}.Debug|Any CPU.ActiveCfg = Debug|Any CPU
		{B69E4CCE-DDE4-4D30-B027-21539D737D03}.Debug|Any CPU.Build.0 = Debug|Any CPU
		{B69E4CCE-DDE4-4D30-B027-21539D737D03}.Release|Any CPU.ActiveCfg = Release|Any CPU
		{B69E4CCE-DDE4-4D30-B027-21539D737D03}.Release|Any CPU.Build.0 = Release|Any CPU
		{5920B2D0-3FAC-486F-A0D8-37776FB24A3F}.Debug|Any CPU.ActiveCfg = Debug|Any CPU
		{5920B2D0-3FAC-486F-A0D8-37776FB24A3F}.Debug|Any CPU.Build.0 = Debug|Any CPU
		{5920B2D0-3FAC-486F-A0D8-37776FB24A3F}.Release|Any CPU.ActiveCfg = Release|Any CPU
		{5920B2D0-3FAC-486F-A0D8-37776FB24A3F}.Release|Any CPU.Build.0 = Release|Any CPU
		{75F460CB-0167-4587-8ADD-FD0AB6744B89}.Debug|Any CPU.ActiveCfg = Debug|Any CPU
		{75F460CB-0167-4587-8ADD-FD0AB6744B89}.Debug|Any CPU.Build.0 = Debug|Any CPU
		{75F460CB-0167-4587-8ADD-FD0AB6744B89}.Release|Any CPU.ActiveCfg = Release|Any CPU
		{75F460CB-0167-4587-8ADD-FD0AB6744B89}.Release|Any CPU.Build.0 = Release|Any CPU
		{BD17633A-0FAC-4525-B9E4-92A1A649D842}.Debug|Any CPU.ActiveCfg = Debug|Any CPU
		{BD17633A-0FAC-4525-B9E4-92A1A649D842}.Debug|Any CPU.Build.0 = Debug|Any CPU
		{BD17633A-0FAC-4525-B9E4-92A1A649D842}.Release|Any CPU.ActiveCfg = Release|Any CPU
		{BD17633A-0FAC-4525-B9E4-92A1A649D842}.Release|Any CPU.Build.0 = Release|Any CPU
		{D030924D-1503-4E74-BD73-4A4AA3719C48}.Debug|Any CPU.ActiveCfg = Debug|Any CPU
		{D030924D-1503-4E74-BD73-4A4AA3719C48}.Debug|Any CPU.Build.0 = Debug|Any CPU
		{D030924D-1503-4E74-BD73-4A4AA3719C48}.Release|Any CPU.ActiveCfg = Release|Any CPU
		{D030924D-1503-4E74-BD73-4A4AA3719C48}.Release|Any CPU.Build.0 = Release|Any CPU
	EndGlobalSection
	GlobalSection(SolutionProperties) = preSolution
		HideSolutionNode = FALSE
	EndGlobalSection
	GlobalSection(ExtensibilityGlobals) = postSolution
		SolutionGuid = {9C3E1EDC-4407-432F-83CD-5130E4C36FE9}
	EndGlobalSection
EndGlobal
